
Microsoft Visual Studio Solution File, Format Version 12.00
# Visual Studio Version 16
VisualStudioVersion = 16.0.810.20
MinimumVisualStudioVersion = 10.0.40219.1
Project("{FAE04EC0-301F-11D3-BF4B-00C04F79EFBC}") = "tpmodul4_1302204013", "tpmodul4_1302204013\tpmodul4_1302204013.csproj", "{1A2AC989-20A7-479B-80A1-F71C15B7C45A}"
EndProject
Global
	GlobalSection(SolutionConfigurationPlatforms) = preSolution
		Debug|anycpu = Debug|anycpu
		Release|anycpu = Release|anycpu
	EndGlobalSection
	GlobalSection(ProjectConfigurationPlatforms) = postSolution
		{1A2AC989-20A7-479B-80A1-F71C15B7C45A}.Debug|anycpu.ActiveCfg = Debug|anycpu
		{1A2AC989-20A7-479B-80A1-F71C15B7C45A}.Debug|anycpu.Build.0 = Debug|anycpu
		{1A2AC989-20A7-479B-80A1-F71C15B7C45A}.Release|anycpu.ActiveCfg = Release|anycpu
		{1A2AC989-20A7-479B-80A1-F71C15B7C45A}.Release|anycpu.Build.0 = Release|anycpu
	EndGlobalSection
	GlobalSection(SolutionProperties) = preSolution
		HideSolutionNode = FALSE
	EndGlobalSection
	GlobalSection(ExtensibilityGlobals) = postSolution
		SolutionGuid = {532DD10B-EE29-4B85-B186-9AA9BC3BB408}
	EndGlobalSection
EndGlobal
